
Microsoft Visual Studio Solution File, Format Version 12.00
# Visual Studio Version 17
VisualStudioVersion = 17.0.32014.148
MinimumVisualStudioVersion = 10.0.40219.1
Project("{FAE04EC0-301F-11D3-BF4B-00C04F79EFBC}") = "DesignPatterns.Sample", "DesignPatterns.Sample\DesignPatterns.Sample.csproj", "{C5F8350B-B774-4322-90AD-D1112FBC3AAD}"
EndProject
Project("{FAE04EC0-301F-11D3-BF4B-00C04F79EFBC}") = "DesignerPatterns.Test", "DesignerPatterns.Test\DesignerPatterns.Test.csproj", "{169B0239-3315-4AC0-BF0B-946AE5B5ADF6}"
EndProject
Global
	GlobalSection(SolutionConfigurationPlatforms) = preSolution
		Debug|Any CPU = Debug|Any CPU
		Release|Any CPU = Release|Any CPU
	EndGlobalSection
	GlobalSection(ProjectConfigurationPlatforms) = postSolution
		{C5F8350B-B774-4322-90AD-D1112FBC3AAD}.Debug|Any CPU.ActiveCfg = Debug|Any CPU
		{C5F8350B-B774-4322-90AD-D1112FBC3AAD}.Debug|Any CPU.Build.0 = Debug|Any CPU
		{C5F8350B-B774-4322-90AD-D1112FBC3AAD}.Release|Any CPU.ActiveCfg = Release|Any CPU
		{C5F8350B-B774-4322-90AD-D1112FBC3AAD}.Release|Any CPU.Build.0 = Release|Any CPU
		{169B0239-3315-4AC0-BF0B-946AE5B5ADF6}.Debug|Any CPU.ActiveCfg = Debug|Any CPU
		{169B0239-3315-4AC0-BF0B-946AE5B5ADF6}.Debug|Any CPU.Build.0 = Debug|Any CPU
		{169B0239-3315-4AC0-BF0B-946AE5B5ADF6}.Release|Any CPU.ActiveCfg = Release|Any CPU
		{169B0239-3315-4AC0-BF0B-946AE5B5ADF6}.Release|Any CPU.Build.0 = Release|Any CPU
	EndGlobalSection
	GlobalSection(SolutionProperties) = preSolution
		HideSolutionNode = FALSE
	EndGlobalSection
	GlobalSection(ExtensibilityGlobals) = postSolution
		SolutionGuid = {7A7A14CB-A054-4175-A928-1A90A963C0EC}
	EndGlobalSection
EndGlobal
